
Microsoft Visual Studio Solution File, Format Version 12.00
# Visual Studio Version 16
VisualStudioVersion = 16.0.30523.141
MinimumVisualStudioVersion = 10.0.40219.1
Project("{9A19103F-16F7-4668-BE54-9A1E7A4F7556}") = "Task1", "Task1\Task1.csproj", "{62A0E009-03DC-4EE4-98E8-5D5032AB19F9}"
EndProject
Project("{9A19103F-16F7-4668-BE54-9A1E7A4F7556}") = "Task1.Tests", "Task1.Tests\Task1.Tests.csproj", "{3098EB51-4DF7-41A2-8F3D-543875F5B306}"
EndProject
Global
	GlobalSection(SolutionConfigurationPlatforms) = preSolution
		Debug|Any CPU = Debug|Any CPU
		Release|Any CPU = Release|Any CPU
	EndGlobalSection
	GlobalSection(ProjectConfigurationPlatforms) = postSolution
		{62A0E009-03DC-4EE4-98E8-5D5032AB19F9}.Debug|Any CPU.ActiveCfg = Debug|Any CPU
		{62A0E009-03DC-4EE4-98E8-5D5032AB19F9}.Debug|Any CPU.Build.0 = Debug|Any CPU
		{62A0E009-03DC-4EE4-98E8-5D5032AB19F9}.Release|Any CPU.ActiveCfg = Release|Any CPU
		{62A0E009-03DC-4EE4-98E8-5D5032AB19F9}.Release|Any CPU.Build.0 = Release|Any CPU
		{3098EB51-4DF7-41A2-8F3D-543875F5B306}.Debug|Any CPU.ActiveCfg = Debug|Any CPU
		{3098EB51-4DF7-41A2-8F3D-543875F5B306}.Debug|Any CPU.Build.0 = Debug|Any CPU
		{3098EB51-4DF7-41A2-8F3D-543875F5B306}.Release|Any CPU.ActiveCfg = Release|Any CPU
		{3098EB51-4DF7-41A2-8F3D-543875F5B306}.Release|Any CPU.Build.0 = Release|Any CPU
	EndGlobalSection
	GlobalSection(SolutionProperties) = preSolution
		HideSolutionNode = FALSE
	EndGlobalSection
	GlobalSection(ExtensibilityGlobals) = postSolution
		SolutionGuid = {B5C31703-8B22-4CD2-99F5-4B3D0CEF8218}
	EndGlobalSection
EndGlobal
